
Microsoft Visual Studio Solution File, Format Version 12.00
# Visual Studio Version 17
VisualStudioVersion = 17.6.33723.286
MinimumVisualStudioVersion = 10.0.40219.1
Project("{8BC9CEB8-8B4A-11D0-8D11-00A0C91BC942}") = "DhvaniCommon", "DhvaniCommon\DhvaniCommon.vcxproj", "{55768D09-BC34-4B9E-93F3-A6B25DCC66CE}"
EndProject
Project("{8BC9CEB8-8B4A-11D0-8D11-00A0C91BC942}") = "DhvaniMotionCommon", "DhvaniMotionCommon\DhvaniMotionCommon.vcxproj", "{44485350-FAEF-400B-8C99-B42B0C48528B}"
EndProject
Project("{FAE04EC0-301F-11D3-BF4B-00C04F79EFBC}") = "DhvaniUICommon", "DhvaniUICommon\DhvaniUICommon.csproj", "{405CA636-2B9C-48C4-8D6B-EABC64463005}"
EndProject
Project("{FAE04EC0-301F-11D3-BF4B-00C04F79EFBC}") = "DhvaniCommonUI", "DhvaniCommonUI\DhvaniCommonUI.csproj", "{FBD3D23D-D27B-43AD-B198-90BB9C32508C}"
EndProject
Project("{8BC9CEB8-8B4A-11D0-8D11-00A0C91BC942}") = "DhvaniInstrumentCommon", "DhvaniInstrumentCommon\DhvaniUTInstrumentCommon.vcxproj", "{F7C2F8D8-C57B-4D81-B642-3372314513D7}"
EndProject
Project("{8BC9CEB8-8B4A-11D0-8D11-00A0C91BC942}") = "DhvaniGeometry", "DhvaniGeometry\DhvaniGeometry.vcxproj", "{6FDDADF8-C862-44B8-BE55-201457BED152}"
EndProject
Project("{FAE04EC0-301F-11D3-BF4B-00C04F79EFBC}") = "DhvaniMotionCommonUI", "DhvaniMotionCommonUI\DhvaniMotionCommonUI.csproj", "{F4B8F6CA-701A-4F5A-8B6A-A108D8E60052}"
EndProject
Project("{8BC9CEB8-8B4A-11D0-8D11-00A0C91BC942}") = "DhvaniCommandAccess", "DhvaniCommandAccess\DhvaniCommandAccess.vcxproj", "{908CD883-A37D-47D7-87A0-B4B833BB6CAE}"
EndProject
Project("{FAE04EC0-301F-11D3-BF4B-00C04F79EFBC}") = "DhvaniInstrumentCommonUI", "DhvaniInstrumentCommonUI\DhvaniInstrumentCommonUI.csproj", "{440BA1D7-0C28-40AD-AC2C-7605C1407131}"
EndProject
Project("{8BC9CEB8-8B4A-11D0-8D11-00A0C91BC942}") = "DhvaniCommunication", "DhvaniCommunication\DhvaniCommunication.vcxproj", "{015B9C73-0733-410E-AD67-73763341A6AE}"
EndProject
Project("{8BC9CEB8-8B4A-11D0-8D11-00A0C91BC942}") = "DhvaniMeasurement", "DhvaniMeasurement\DhvaniMeasurement.vcxproj", "{1C1DD15C-BF4B-44C6-9450-7F884249CD59}"
EndProject
Project("{8BC9CEB8-8B4A-11D0-8D11-00A0C91BC942}") = "DhvaniPathMotion", "DhvaniPathMotion\DhvaniPathMotion.vcxproj", "{A681DCF8-55CF-408D-91CB-74D08AE154F3}"
EndProject
Project("{8BC9CEB8-8B4A-11D0-8D11-00A0C91BC942}") = "DhvaniMeasurementData", "DhvaniMeasurementData\DhvaniMeasurementData.vcxproj", "{1DEB6826-F73A-453E-87B1-EBC15AEF8CE8}"
EndProject
Project("{8BC9CEB8-8B4A-11D0-8D11-00A0C91BC942}") = "DhvaniMeasurementInstrument", "DhvaniMeasurementInstrument\DhvaniMeasurementInstrument.vcxproj", "{979B7D82-8012-4D17-B74C-FE8D4930794C}"
EndProject
Project("{8BC9CEB8-8B4A-11D0-8D11-00A0C91BC942}") = "DhvaniMeasurementScanner", "DhvaniMeasurementScanner\DhvaniMeasurementScanner.vcxproj", "{97FE5D21-99C7-4046-A013-60B2AD87F6CE}"
EndProject
Project("{8BC9CEB8-8B4A-11D0-8D11-00A0C91BC942}") = "DhvaniMotionInstrument", "DhvaniMotionInstrument\DhvaniMotionInstrument.vcxproj", "{DBFAC7AE-F64F-4D01-BC65-9D9B36026D77}"
EndProject
Project("{8BC9CEB8-8B4A-11D0-8D11-00A0C91BC942}") = "DhvaniCommunicationMotionInstrument", "DhvaniCommunicationMotionInstrument\DhvaniCommunicationMotionInstrument.vcxproj", "{AB34D966-A315-436B-9A1B-225294363928}"
EndProject
Project("{FAE04EC0-301F-11D3-BF4B-00C04F79EFBC}") = "DhvaniMeasurementScannerUI", "DhvaniMeasurementScannerUI\DhvaniMeasurementScannerUI.csproj", "{DA225A01-BC17-464E-940F-44E8734AD8E8}"
EndProject
Project("{FAE04EC0-301F-11D3-BF4B-00C04F79EFBC}") = "DhvaniDock", "DhvaniDock\DhvaniDock.csproj", "{D884FB44-61D4-4649-A620-43E02C24DA04}"
EndProject
Project("{FAE04EC0-301F-11D3-BF4B-00C04F79EFBC}") = "DhvaniMeasurementUI", "DhvaniMeasurementUI\DhvaniMeasurementUI.csproj", "{583E1A91-AC2C-4A27-9CAF-D469AED5D917}"
EndProject
Project("{FAE04EC0-301F-11D3-BF4B-00C04F79EFBC}") = "DhvaniMeasurementInstrumentUI", "DhvaniMeasurementInstrumentUI\DhvaniMeasurementInstrumentUI.csproj", "{4FE50683-E9F1-479C-971A-76CAC5D430BE}"
EndProject
Project("{FAE04EC0-301F-11D3-BF4B-00C04F79EFBC}") = "DhvaniMotionInstrumentUI", "DhvaniMotionInstrumentUI\DhvaniMotionInstrumentUI.csproj", "{7889B33B-5B20-42E0-8477-26BDB5F353A0}"
EndProject
Project("{FAE04EC0-301F-11D3-BF4B-00C04F79EFBC}") = "DhvaniHelixToolKit", "DhvaniHelixToolKit\DhvaniHelixToolKit.csproj", "{354DDE76-9FAF-4CF1-B2B0-1F63AACD6588}"
EndProject
Project("{FAE04EC0-301F-11D3-BF4B-00C04F79EFBC}") = "DhvaniGeometryUI", "DhvaniGeometryUI\DhvaniGeometryUI.csproj", "{500A8552-E70D-4902-8456-FC500F79014D}"
EndProject
Project("{FAE04EC0-301F-11D3-BF4B-00C04F79EFBC}") = "DhvaniPathMotionUI", "DhvaniPathMotionUI\DhvaniPathMotionUI.csproj", "{6BBFD56C-D331-413B-BCA0-9E6AFEC7A0F4}"
EndProject
Project("{FAE04EC0-301F-11D3-BF4B-00C04F79EFBC}") = "DhvaniOxyPlot", "DhvaniOxyPlot\DhvaniOxyPlot.csproj", "{1127041E-D579-4443-83C2-55CBF00471EA}"
EndProject
Project("{FAE04EC0-301F-11D3-BF4B-00C04F79EFBC}") = "DhvaniPlotCommon", "DhvaniPlotCommon\DhvaniPlotCommon.csproj", "{3DEB397B-81E3-4684-B852-785133CF3749}"
EndProject
Project("{FAE04EC0-301F-11D3-BF4B-00C04F79EFBC}") = "DhvaniColorPicker", "DhvaniColorPicker\DhvaniColorPicker.csproj", "{F2B4D913-ECDC-4FCC-9877-E8A7DB38B2F6}"
EndProject
Project("{FAE04EC0-301F-11D3-BF4B-00C04F79EFBC}") = "DhvaniRobotInstrument", "DhvaniRobotInstrument\DhvaniRobotInstrument.csproj", "{50F5943C-981B-4E61-A586-313841B724CE}"
EndProject
Project("{FAE04EC0-301F-11D3-BF4B-00C04F79EFBC}") = "DhvaniURRobotInstrument", "DhvaniURRobotInstrument\DhvaniURRobotInstrument.csproj", "{25BB4A26-541A-4C7C-BFD0-93F6C9F47DE7}"
EndProject
Project("{FAE04EC0-301F-11D3-BF4B-00C04F79EFBC}") = "DhvaniURRobotInstrumentUI", "DhvaniURRobotInstrumentUI\DhvaniURRobotInstrumentUI.csproj", "{2F549E1F-FC06-4B8B-9A5D-B8B89652FF13}"
EndProject
Project("{8BC9CEB8-8B4A-11D0-8D11-00A0C91BC942}") = "DhvaniCommandAccessCommunication", "DhvaniCommandAccessCommunication\DhvaniCommandAccessCommunication.vcxproj", "{6131FE6D-94F9-4B9A-8645-81CCB29D0B95}"
EndProject
Project("{FAE04EC0-301F-11D3-BF4B-00C04F79EFBC}") = "DhvaniRobotInstrumentUI", "DhvaniRobotInstrumentUI\DhvaniRobotInstrumentUI.csproj", "{6849E9E8-172D-4C75-82E8-CB768C2898EE}"
EndProject
Project("{8BC9CEB8-8B4A-11D0-8D11-00A0C91BC942}") = "DhvaniURRobotCommunication", "DhvaniURRobotCommunication\DhvaniURRobotCommunication.vcxproj", "{7E03C8BF-153D-4C16-A8C6-BFBC9A66E978}"
EndProject
Project("{FAE04EC0-301F-11D3-BF4B-00C04F79EFBC}") = "DhvaniURRobotInstrumentTCP", "DhvaniURRobotInstrumentTCP\DhvaniURRobotInstrumentTCP.csproj", "{0E7521AD-51D6-4D2B-AEDB-715680AD6E1F}"
EndProject
Project("{FAE04EC0-301F-11D3-BF4B-00C04F79EFBC}") = "DhvaniABBRobotInstrument", "DhvaniABBRobotInstrument\DhvaniABBRobotInstrument.csproj", "{B1AB1388-9B4E-449F-BA8B-7E08932F6CAE}"
EndProject
Project("{FAE04EC0-301F-11D3-BF4B-00C04F79EFBC}") = "DhvaniABBRobotInstrumentTestApp", "DhvaniABBRobotInstrumentTestApp\DhvaniABBRobotInstrumentTestApp.csproj", "{629CED18-51D8-41DA-A170-4E85CDB46D7C}"
EndProject
Project("{FAE04EC0-301F-11D3-BF4B-00C04F79EFBC}") = "DhvaniABBMeasurement", "DhvaniABBMeasurement\DhvaniABBMeasurement.csproj", "{D54BB8D7-A83F-465D-BBD1-526FC0E755E4}"
EndProject
Project("{FAE04EC0-301F-11D3-BF4B-00C04F79EFBC}") = "DhvaniABBMeasurementView", "DhvaniABBMeasurementView\DhvaniABBMeasurementView.csproj", "{6D8A1530-1D26-4300-A9B9-43D503DFF4FC}"
EndProject
Global
	GlobalSection(SolutionConfigurationPlatforms) = preSolution
		Debug|Any CPU = Debug|Any CPU
		Debug|x64 = Debug|x64
		Debug|x86 = Debug|x86
		Release|Any CPU = Release|Any CPU
		Release|x64 = Release|x64
		Release|x86 = Release|x86
	EndGlobalSection
	GlobalSection(ProjectConfigurationPlatforms) = postSolution
		{55768D09-BC34-4B9E-93F3-A6B25DCC66CE}.Debug|Any CPU.ActiveCfg = Debug|x64
		{55768D09-BC34-4B9E-93F3-A6B25DCC66CE}.Debug|Any CPU.Build.0 = Debug|x64
		{55768D09-BC34-4B9E-93F3-A6B25DCC66CE}.Debug|x64.ActiveCfg = Debug|x64
		{55768D09-BC34-4B9E-93F3-A6B25DCC66CE}.Debug|x64.Build.0 = Debug|x64
		{55768D09-BC34-4B9E-93F3-A6B25DCC66CE}.Debug|x86.ActiveCfg = Debug|Win32
		{55768D09-BC34-4B9E-93F3-A6B25DCC66CE}.Debug|x86.Build.0 = Debug|Win32
		{55768D09-BC34-4B9E-93F3-A6B25DCC66CE}.Release|Any CPU.ActiveCfg = Release|Win32
		{55768D09-BC34-4B9E-93F3-A6B25DCC66CE}.Release|x64.ActiveCfg = Release|x64
		{55768D09-BC34-4B9E-93F3-A6B25DCC66CE}.Release|x64.Build.0 = Release|x64
		{55768D09-BC34-4B9E-93F3-A6B25DCC66CE}.Release|x86.ActiveCfg = Release|Win32
		{55768D09-BC34-4B9E-93F3-A6B25DCC66CE}.Release|x86.Build.0 = Release|Win32
		{44485350-FAEF-400B-8C99-B42B0C48528B}.Debug|Any CPU.ActiveCfg = Debug|x64
		{44485350-FAEF-400B-8C99-B42B0C48528B}.Debug|Any CPU.Build.0 = Debug|x64
		{44485350-FAEF-400B-8C99-B42B0C48528B}.Debug|x64.ActiveCfg = Debug|x64
		{44485350-FAEF-400B-8C99-B42B0C48528B}.Debug|x64.Build.0 = Debug|x64
		{44485350-FAEF-400B-8C99-B42B0C48528B}.Debug|x86.ActiveCfg = Debug|Win32
		{44485350-FAEF-400B-8C99-B42B0C48528B}.Debug|x86.Build.0 = Debug|Win32
		{44485350-FAEF-400B-8C99-B42B0C48528B}.Release|Any CPU.ActiveCfg = Release|Win32
		{44485350-FAEF-400B-8C99-B42B0C48528B}.Release|x64.ActiveCfg = Release|x64
		{44485350-FAEF-400B-8C99-B42B0C48528B}.Release|x64.Build.0 = Release|x64
		{44485350-FAEF-400B-8C99-B42B0C48528B}.Release|x86.ActiveCfg = Release|Win32
		{44485350-FAEF-400B-8C99-B42B0C48528B}.Release|x86.Build.0 = Release|Win32
		{405CA636-2B9C-48C4-8D6B-EABC64463005}.Debug|Any CPU.ActiveCfg = Debug|x64
		{405CA636-2B9C-48C4-8D6B-EABC64463005}.Debug|Any CPU.Build.0 = Debug|x64
		{405CA636-2B9C-48C4-8D6B-EABC64463005}.Debug|x64.ActiveCfg = Debug|x64
		{405CA636-2B9C-48C4-8D6B-EABC64463005}.Debug|x64.Build.0 = Debug|x64
		{405CA636-2B9C-48C4-8D6B-EABC64463005}.Debug|x86.ActiveCfg = Debug|x86
		{405CA636-2B9C-48C4-8D6B-EABC64463005}.Debug|x86.Build.0 = Debug|x86
		{405CA636-2B9C-48C4-8D6B-EABC64463005}.Release|Any CPU.ActiveCfg = Release|Any CPU
		{405CA636-2B9C-48C4-8D6B-EABC64463005}.Release|Any CPU.Build.0 = Release|Any CPU
		{405CA636-2B9C-48C4-8D6B-EABC64463005}.Release|x64.ActiveCfg = Release|x64
		{405CA636-2B9C-48C4-8D6B-EABC64463005}.Release|x64.Build.0 = Release|x64
		{405CA636-2B9C-48C4-8D6B-EABC64463005}.Release|x86.ActiveCfg = Release|x86
		{405CA636-2B9C-48C4-8D6B-EABC64463005}.Release|x86.Build.0 = Release|x86
		{FBD3D23D-D27B-43AD-B198-90BB9C32508C}.Debug|Any CPU.ActiveCfg = Debug|x64
		{FBD3D23D-D27B-43AD-B198-90BB9C32508C}.Debug|Any CPU.Build.0 = Debug|x64
		{FBD3D23D-D27B-43AD-B198-90BB9C32508C}.Debug|x64.ActiveCfg = Debug|x64
		{FBD3D23D-D27B-43AD-B198-90BB9C32508C}.Debug|x64.Build.0 = Debug|x64
		{FBD3D23D-D27B-43AD-B198-90BB9C32508C}.Debug|x86.ActiveCfg = Debug|x86
		{FBD3D23D-D27B-43AD-B198-90BB9C32508C}.Debug|x86.Build.0 = Debug|x86
		{FBD3D23D-D27B-43AD-B198-90BB9C32508C}.Release|Any CPU.ActiveCfg = Release|Any CPU
		{FBD3D23D-D27B-43AD-B198-90BB9C32508C}.Release|Any CPU.Build.0 = Release|Any CPU
		{FBD3D23D-D27B-43AD-B198-90BB9C32508C}.Release|x64.ActiveCfg = Release|x64
		{FBD3D23D-D27B-43AD-B198-90BB9C32508C}.Release|x64.Build.0 = Release|x64
		{FBD3D23D-D27B-43AD-B198-90BB9C32508C}.Release|x86.ActiveCfg = Release|x86
		{FBD3D23D-D27B-43AD-B198-90BB9C32508C}.Release|x86.Build.0 = Release|x86
		{F7C2F8D8-C57B-4D81-B642-3372314513D7}.Debug|Any CPU.ActiveCfg = Debug|x64
		{F7C2F8D8-C57B-4D81-B642-3372314513D7}.Debug|Any CPU.Build.0 = Debug|x64
		{F7C2F8D8-C57B-4D81-B642-3372314513D7}.Debug|x64.ActiveCfg = Debug|x64
		{F7C2F8D8-C57B-4D81-B642-3372314513D7}.Debug|x64.Build.0 = Debug|x64
		{F7C2F8D8-C57B-4D81-B642-3372314513D7}.Debug|x86.ActiveCfg = Debug|Win32
		{F7C2F8D8-C57B-4D81-B642-3372314513D7}.Debug|x86.Build.0 = Debug|Win32
		{F7C2F8D8-C57B-4D81-B642-3372314513D7}.Release|Any CPU.ActiveCfg = Release|Win32
		{F7C2F8D8-C57B-4D81-B642-3372314513D7}.Release|x64.ActiveCfg = Release|x64
		{F7C2F8D8-C57B-4D81-B642-3372314513D7}.Release|x64.Build.0 = Release|x64
		{F7C2F8D8-C57B-4D81-B642-3372314513D7}.Release|x86.ActiveCfg = Release|Win32
		{F7C2F8D8-C57B-4D81-B642-3372314513D7}.Release|x86.Build.0 = Release|Win32
		{6FDDADF8-C862-44B8-BE55-201457BED152}.Debug|Any CPU.ActiveCfg = Debug|x64
		{6FDDADF8-C862-44B8-BE55-201457BED152}.Debug|Any CPU.Build.0 = Debug|x64
		{6FDDADF8-C862-44B8-BE55-201457BED152}.Debug|x64.ActiveCfg = Debug|x64
		{6FDDADF8-C862-44B8-BE55-201457BED152}.Debug|x64.Build.0 = Debug|x64
		{6FDDADF8-C862-44B8-BE55-201457BED152}.Debug|x86.ActiveCfg = Debug|Win32
		{6FDDADF8-C862-44B8-BE55-201457BED152}.Debug|x86.Build.0 = Debug|Win32
		{6FDDADF8-C862-44B8-BE55-201457BED152}.Release|Any CPU.ActiveCfg = Release|Win32
		{6FDDADF8-C862-44B8-BE55-201457BED152}.Release|x64.ActiveCfg = Release|x64
		{6FDDADF8-C862-44B8-BE55-201457BED152}.Release|x64.Build.0 = Release|x64
		{6FDDADF8-C862-44B8-BE55-201457BED152}.Release|x86.ActiveCfg = Release|Win32
		{6FDDADF8-C862-44B8-BE55-201457BED152}.Release|x86.Build.0 = Release|Win32
		{F4B8F6CA-701A-4F5A-8B6A-A108D8E60052}.Debug|Any CPU.ActiveCfg = Debug|x64
		{F4B8F6CA-701A-4F5A-8B6A-A108D8E60052}.Debug|Any CPU.Build.0 = Debug|x64
		{F4B8F6CA-701A-4F5A-8B6A-A108D8E60052}.Debug|x64.ActiveCfg = Debug|x64
		{F4B8F6CA-701A-4F5A-8B6A-A108D8E60052}.Debug|x64.Build.0 = Debug|x64
		{F4B8F6CA-701A-4F5A-8B6A-A108D8E60052}.Debug|x86.ActiveCfg = Debug|x86
		{F4B8F6CA-701A-4F5A-8B6A-A108D8E60052}.Debug|x86.Build.0 = Debug|x86
		{F4B8F6CA-701A-4F5A-8B6A-A108D8E60052}.Release|Any CPU.ActiveCfg = Release|Any CPU
		{F4B8F6CA-701A-4F5A-8B6A-A108D8E60052}.Release|Any CPU.Build.0 = Release|Any CPU
		{F4B8F6CA-701A-4F5A-8B6A-A108D8E60052}.Release|x64.ActiveCfg = Release|x64
		{F4B8F6CA-701A-4F5A-8B6A-A108D8E60052}.Release|x64.Build.0 = Release|x64
		{F4B8F6CA-701A-4F5A-8B6A-A108D8E60052}.Release|x86.ActiveCfg = Release|x86
		{F4B8F6CA-701A-4F5A-8B6A-A108D8E60052}.Release|x86.Build.0 = Release|x86
		{908CD883-A37D-47D7-87A0-B4B833BB6CAE}.Debug|Any CPU.ActiveCfg = Debug|Win32
		{908CD883-A37D-47D7-87A0-B4B833BB6CAE}.Debug|x64.ActiveCfg = Debug|x64
		{908CD883-A37D-47D7-87A0-B4B833BB6CAE}.Debug|x64.Build.0 = Debug|x64
		{908CD883-A37D-47D7-87A0-B4B833BB6CAE}.Debug|x86.ActiveCfg = Debug|Win32
		{908CD883-A37D-47D7-87A0-B4B833BB6CAE}.Debug|x86.Build.0 = Debug|Win32
		{908CD883-A37D-47D7-87A0-B4B833BB6CAE}.Release|Any CPU.ActiveCfg = Release|Win32
		{908CD883-A37D-47D7-87A0-B4B833BB6CAE}.Release|x64.ActiveCfg = Release|x64
		{908CD883-A37D-47D7-87A0-B4B833BB6CAE}.Release|x64.Build.0 = Release|x64
		{908CD883-A37D-47D7-87A0-B4B833BB6CAE}.Release|x86.ActiveCfg = Release|Win32
		{908CD883-A37D-47D7-87A0-B4B833BB6CAE}.Release|x86.Build.0 = Release|Win32
		{440BA1D7-0C28-40AD-AC2C-7605C1407131}.Debug|Any CPU.ActiveCfg = Debug|Any CPU
		{440BA1D7-0C28-40AD-AC2C-7605C1407131}.Debug|Any CPU.Build.0 = Debug|Any CPU
		{440BA1D7-0C28-40AD-AC2C-7605C1407131}.Debug|x64.ActiveCfg = Debug|x64
		{440BA1D7-0C28-40AD-AC2C-7605C1407131}.Debug|x64.Build.0 = Debug|x64
		{440BA1D7-0C28-40AD-AC2C-7605C1407131}.Debug|x86.ActiveCfg = Debug|x86
		{440BA1D7-0C28-40AD-AC2C-7605C1407131}.Debug|x86.Build.0 = Debug|x86
		{440BA1D7-0C28-40AD-AC2C-7605C1407131}.Release|Any CPU.ActiveCfg = Release|Any CPU
		{440BA1D7-0C28-40AD-AC2C-7605C1407131}.Release|Any CPU.Build.0 = Release|Any CPU
		{440BA1D7-0C28-40AD-AC2C-7605C1407131}.Release|x64.ActiveCfg = Release|x64
		{440BA1D7-0C28-40AD-AC2C-7605C1407131}.Release|x64.Build.0 = Release|x64
		{440BA1D7-0C28-40AD-AC2C-7605C1407131}.Release|x86.ActiveCfg = Release|x86
		{440BA1D7-0C28-40AD-AC2C-7605C1407131}.Release|x86.Build.0 = Release|x86
		{015B9C73-0733-410E-AD67-73763341A6AE}.Debug|Any CPU.ActiveCfg = Debug|Win32
		{015B9C73-0733-410E-AD67-73763341A6AE}.Debug|x64.ActiveCfg = Debug|x64
		{015B9C73-0733-410E-AD67-73763341A6AE}.Debug|x64.Build.0 = Debug|x64
		{015B9C73-0733-410E-AD67-73763341A6AE}.Debug|x86.ActiveCfg = Debug|Win32
		{015B9C73-0733-410E-AD67-73763341A6AE}.Debug|x86.Build.0 = Debug|Win32
		{015B9C73-0733-410E-AD67-73763341A6AE}.Release|Any CPU.ActiveCfg = Release|Win32
		{015B9C73-0733-410E-AD67-73763341A6AE}.Release|x64.ActiveCfg = Release|x64
		{015B9C73-0733-410E-AD67-73763341A6AE}.Release|x64.Build.0 = Release|x64
		{015B9C73-0733-410E-AD67-73763341A6AE}.Release|x86.ActiveCfg = Release|Win32
		{015B9C73-0733-410E-AD67-73763341A6AE}.Release|x86.Build.0 = Release|Win32
		{1C1DD15C-BF4B-44C6-9450-7F884249CD59}.Debug|Any CPU.ActiveCfg = Debug|Win32
		{1C1DD15C-BF4B-44C6-9450-7F884249CD59}.Debug|x64.ActiveCfg = Debug|x64
		{1C1DD15C-BF4B-44C6-9450-7F884249CD59}.Debug|x64.Build.0 = Debug|x64
		{1C1DD15C-BF4B-44C6-9450-7F884249CD59}.Debug|x86.ActiveCfg = Debug|Win32
		{1C1DD15C-BF4B-44C6-9450-7F884249CD59}.Debug|x86.Build.0 = Debug|Win32
		{1C1DD15C-BF4B-44C6-9450-7F884249CD59}.Release|Any CPU.ActiveCfg = Release|Win32
		{1C1DD15C-BF4B-44C6-9450-7F884249CD59}.Release|x64.ActiveCfg = Release|x64
		{1C1DD15C-BF4B-44C6-9450-7F884249CD59}.Release|x64.Build.0 = Release|x64
		{1C1DD15C-BF4B-44C6-9450-7F884249CD59}.Release|x86.ActiveCfg = Release|Win32
		{1C1DD15C-BF4B-44C6-9450-7F884249CD59}.Release|x86.Build.0 = Release|Win32
		{A681DCF8-55CF-408D-91CB-74D08AE154F3}.Debug|Any CPU.ActiveCfg = Debug|Win32
		{A681DCF8-55CF-408D-91CB-74D08AE154F3}.Debug|x64.ActiveCfg = Debug|x64
		{A681DCF8-55CF-408D-91CB-74D08AE154F3}.Debug|x64.Build.0 = Debug|x64
		{A681DCF8-55CF-408D-91CB-74D08AE154F3}.Debug|x86.ActiveCfg = Debug|Win32
		{A681DCF8-55CF-408D-91CB-74D08AE154F3}.Debug|x86.Build.0 = Debug|Win32
		{A681DCF8-55CF-408D-91CB-74D08AE154F3}.Release|Any CPU.ActiveCfg = Release|Win32
		{A681DCF8-55CF-408D-91CB-74D08AE154F3}.Release|x64.ActiveCfg = Release|x64
		{A681DCF8-55CF-408D-91CB-74D08AE154F3}.Release|x64.Build.0 = Release|x64
		{A681DCF8-55CF-408D-91CB-74D08AE154F3}.Release|x86.ActiveCfg = Release|Win32
		{A681DCF8-55CF-408D-91CB-74D08AE154F3}.Release|x86.Build.0 = Release|Win32
		{1DEB6826-F73A-453E-87B1-EBC15AEF8CE8}.Debug|Any CPU.ActiveCfg = Debug|Win32
		{1DEB6826-F73A-453E-87B1-EBC15AEF8CE8}.Debug|x64.ActiveCfg = Debug|x64
		{1DEB6826-F73A-453E-87B1-EBC15AEF8CE8}.Debug|x64.Build.0 = Debug|x64
		{1DEB6826-F73A-453E-87B1-EBC15AEF8CE8}.Debug|x86.ActiveCfg = Debug|Win32
		{1DEB6826-F73A-453E-87B1-EBC15AEF8CE8}.Debug|x86.Build.0 = Debug|Win32
		{1DEB6826-F73A-453E-87B1-EBC15AEF8CE8}.Release|Any CPU.ActiveCfg = Release|Win32
		{1DEB6826-F73A-453E-87B1-EBC15AEF8CE8}.Release|x64.ActiveCfg = Release|x64
		{1DEB6826-F73A-453E-87B1-EBC15AEF8CE8}.Release|x64.Build.0 = Release|x64
		{1DEB6826-F73A-453E-87B1-EBC15AEF8CE8}.Release|x86.ActiveCfg = Release|Win32
		{1DEB6826-F73A-453E-87B1-EBC15AEF8CE8}.Release|x86.Build.0 = Release|Win32
		{979B7D82-8012-4D17-B74C-FE8D4930794C}.Debug|Any CPU.ActiveCfg = Debug|Win32
		{979B7D82-8012-4D17-B74C-FE8D4930794C}.Debug|x64.ActiveCfg = Debug|x64
		{979B7D82-8012-4D17-B74C-FE8D4930794C}.Debug|x64.Build.0 = Debug|x64
		{979B7D82-8012-4D17-B74C-FE8D4930794C}.Debug|x86.ActiveCfg = Debug|Win32
		{979B7D82-8012-4D17-B74C-FE8D4930794C}.Debug|x86.Build.0 = Debug|Win32
		{979B7D82-8012-4D17-B74C-FE8D4930794C}.Release|Any CPU.ActiveCfg = Release|Win32
		{979B7D82-8012-4D17-B74C-FE8D4930794C}.Release|x64.ActiveCfg = Release|x64
		{979B7D82-8012-4D17-B74C-FE8D4930794C}.Release|x64.Build.0 = Release|x64
		{979B7D82-8012-4D17-B74C-FE8D4930794C}.Release|x86.ActiveCfg = Release|Win32
		{979B7D82-8012-4D17-B74C-FE8D4930794C}.Release|x86.Build.0 = Release|Win32
		{97FE5D21-99C7-4046-A013-60B2AD87F6CE}.Debug|Any CPU.ActiveCfg = Debug|Win32
		{97FE5D21-99C7-4046-A013-60B2AD87F6CE}.Debug|x64.ActiveCfg = Debug|x64
		{97FE5D21-99C7-4046-A013-60B2AD87F6CE}.Debug|x64.Build.0 = Debug|x64
		{97FE5D21-99C7-4046-A013-60B2AD87F6CE}.Debug|x86.ActiveCfg = Debug|Win32
		{97FE5D21-99C7-4046-A013-60B2AD87F6CE}.Debug|x86.Build.0 = Debug|Win32
		{97FE5D21-99C7-4046-A013-60B2AD87F6CE}.Release|Any CPU.ActiveCfg = Release|Win32
		{97FE5D21-99C7-4046-A013-60B2AD87F6CE}.Release|x64.ActiveCfg = Release|x64
		{97FE5D21-99C7-4046-A013-60B2AD87F6CE}.Release|x64.Build.0 = Release|x64
		{97FE5D21-99C7-4046-A013-60B2AD87F6CE}.Release|x86.ActiveCfg = Release|Win32
		{97FE5D21-99C7-4046-A013-60B2AD87F6CE}.Release|x86.Build.0 = Release|Win32
		{DBFAC7AE-F64F-4D01-BC65-9D9B36026D77}.Debug|Any CPU.ActiveCfg = Debug|Win32
		{DBFAC7AE-F64F-4D01-BC65-9D9B36026D77}.Debug|x64.ActiveCfg = Debug|x64
		{DBFAC7AE-F64F-4D01-BC65-9D9B36026D77}.Debug|x64.Build.0 = Debug|x64
		{DBFAC7AE-F64F-4D01-BC65-9D9B36026D77}.Debug|x86.ActiveCfg = Debug|Win32
		{DBFAC7AE-F64F-4D01-BC65-9D9B36026D77}.Debug|x86.Build.0 = Debug|Win32
		{DBFAC7AE-F64F-4D01-BC65-9D9B36026D77}.Release|Any CPU.ActiveCfg = Release|Win32
		{DBFAC7AE-F64F-4D01-BC65-9D9B36026D77}.Release|x64.ActiveCfg = Release|x64
		{DBFAC7AE-F64F-4D01-BC65-9D9B36026D77}.Release|x64.Build.0 = Release|x64
		{DBFAC7AE-F64F-4D01-BC65-9D9B36026D77}.Release|x86.ActiveCfg = Release|Win32
		{DBFAC7AE-F64F-4D01-BC65-9D9B36026D77}.Release|x86.Build.0 = Release|Win32
		{AB34D966-A315-436B-9A1B-225294363928}.Debug|Any CPU.ActiveCfg = Debug|Win32
		{AB34D966-A315-436B-9A1B-225294363928}.Debug|x64.ActiveCfg = Debug|x64
		{AB34D966-A315-436B-9A1B-225294363928}.Debug|x64.Build.0 = Debug|x64
		{AB34D966-A315-436B-9A1B-225294363928}.Debug|x86.ActiveCfg = Debug|Win32
		{AB34D966-A315-436B-9A1B-225294363928}.Debug|x86.Build.0 = Debug|Win32
		{AB34D966-A315-436B-9A1B-225294363928}.Release|Any CPU.ActiveCfg = Release|Win32
		{AB34D966-A315-436B-9A1B-225294363928}.Release|x64.ActiveCfg = Release|x64
		{AB34D966-A315-436B-9A1B-225294363928}.Release|x64.Build.0 = Release|x64
		{AB34D966-A315-436B-9A1B-225294363928}.Release|x86.ActiveCfg = Release|Win32
		{AB34D966-A315-436B-9A1B-225294363928}.Release|x86.Build.0 = Release|Win32
		{DA225A01-BC17-464E-940F-44E8734AD8E8}.Debug|Any CPU.ActiveCfg = Debug|Any CPU
		{DA225A01-BC17-464E-940F-44E8734AD8E8}.Debug|Any CPU.Build.0 = Debug|Any CPU
		{DA225A01-BC17-464E-940F-44E8734AD8E8}.Debug|x64.ActiveCfg = Debug|x64
		{DA225A01-BC17-464E-940F-44E8734AD8E8}.Debug|x64.Build.0 = Debug|x64
		{DA225A01-BC17-464E-940F-44E8734AD8E8}.Debug|x86.ActiveCfg = Debug|x86
		{DA225A01-BC17-464E-940F-44E8734AD8E8}.Debug|x86.Build.0 = Debug|x86
		{DA225A01-BC17-464E-940F-44E8734AD8E8}.Release|Any CPU.ActiveCfg = Release|Any CPU
		{DA225A01-BC17-464E-940F-44E8734AD8E8}.Release|Any CPU.Build.0 = Release|Any CPU
		{DA225A01-BC17-464E-940F-44E8734AD8E8}.Release|x64.ActiveCfg = Release|x64
		{DA225A01-BC17-464E-940F-44E8734AD8E8}.Release|x64.Build.0 = Release|x64
		{DA225A01-BC17-464E-940F-44E8734AD8E8}.Release|x86.ActiveCfg = Release|x86
		{DA225A01-BC17-464E-940F-44E8734AD8E8}.Release|x86.Build.0 = Release|x86
		{D884FB44-61D4-4649-A620-43E02C24DA04}.Debug|Any CPU.ActiveCfg = Debug|Any CPU
		{D884FB44-61D4-4649-A620-43E02C24DA04}.Debug|Any CPU.Build.0 = Debug|Any CPU
		{D884FB44-61D4-4649-A620-43E02C24DA04}.Debug|x64.ActiveCfg = Debug|x64
		{D884FB44-61D4-4649-A620-43E02C24DA04}.Debug|x64.Build.0 = Debug|x64
		{D884FB44-61D4-4649-A620-43E02C24DA04}.Debug|x86.ActiveCfg = Debug|x86
		{D884FB44-61D4-4649-A620-43E02C24DA04}.Debug|x86.Build.0 = Debug|x86
		{D884FB44-61D4-4649-A620-43E02C24DA04}.Release|Any CPU.ActiveCfg = Release|Any CPU
		{D884FB44-61D4-4649-A620-43E02C24DA04}.Release|Any CPU.Build.0 = Release|Any CPU
		{D884FB44-61D4-4649-A620-43E02C24DA04}.Release|x64.ActiveCfg = Release|x64
		{D884FB44-61D4-4649-A620-43E02C24DA04}.Release|x64.Build.0 = Release|x64
		{D884FB44-61D4-4649-A620-43E02C24DA04}.Release|x86.ActiveCfg = Release|x86
		{D884FB44-61D4-4649-A620-43E02C24DA04}.Release|x86.Build.0 = Release|x86
		{583E1A91-AC2C-4A27-9CAF-D469AED5D917}.Debug|Any CPU.ActiveCfg = Debug|Any CPU
		{583E1A91-AC2C-4A27-9CAF-D469AED5D917}.Debug|Any CPU.Build.0 = Debug|Any CPU
		{583E1A91-AC2C-4A27-9CAF-D469AED5D917}.Debug|x64.ActiveCfg = Debug|x64
		{583E1A91-AC2C-4A27-9CAF-D469AED5D917}.Debug|x64.Build.0 = Debug|x64
		{583E1A91-AC2C-4A27-9CAF-D469AED5D917}.Debug|x86.ActiveCfg = Debug|x86
		{583E1A91-AC2C-4A27-9CAF-D469AED5D917}.Debug|x86.Build.0 = Debug|x86
		{583E1A91-AC2C-4A27-9CAF-D469AED5D917}.Release|Any CPU.ActiveCfg = Release|Any CPU
		{583E1A91-AC2C-4A27-9CAF-D469AED5D917}.Release|Any CPU.Build.0 = Release|Any CPU
		{583E1A91-AC2C-4A27-9CAF-D469AED5D917}.Release|x64.ActiveCfg = Release|x64
		{583E1A91-AC2C-4A27-9CAF-D469AED5D917}.Release|x64.Build.0 = Release|x64
		{583E1A91-AC2C-4A27-9CAF-D469AED5D917}.Release|x86.ActiveCfg = Release|x86
		{583E1A91-AC2C-4A27-9CAF-D469AED5D917}.Release|x86.Build.0 = Release|x86
		{4FE50683-E9F1-479C-971A-76CAC5D430BE}.Debug|Any CPU.ActiveCfg = Debug|Any CPU
		{4FE50683-E9F1-479C-971A-76CAC5D430BE}.Debug|Any CPU.Build.0 = Debug|Any CPU
		{4FE50683-E9F1-479C-971A-76CAC5D430BE}.Debug|x64.ActiveCfg = Debug|x64
		{4FE50683-E9F1-479C-971A-76CAC5D430BE}.Debug|x64.Build.0 = Debug|x64
		{4FE50683-E9F1-479C-971A-76CAC5D430BE}.Debug|x86.ActiveCfg = Debug|x86
		{4FE50683-E9F1-479C-971A-76CAC5D430BE}.Debug|x86.Build.0 = Debug|x86
		{4FE50683-E9F1-479C-971A-76CAC5D430BE}.Release|Any CPU.ActiveCfg = Release|Any CPU
		{4FE50683-E9F1-479C-971A-76CAC5D430BE}.Release|Any CPU.Build.0 = Release|Any CPU
		{4FE50683-E9F1-479C-971A-76CAC5D430BE}.Release|x64.ActiveCfg = Release|x64
		{4FE50683-E9F1-479C-971A-76CAC5D430BE}.Release|x64.Build.0 = Release|x64
		{4FE50683-E9F1-479C-971A-76CAC5D430BE}.Release|x86.ActiveCfg = Release|x86
		{4FE50683-E9F1-479C-971A-76CAC5D430BE}.Release|x86.Build.0 = Release|x86
		{7889B33B-5B20-42E0-8477-26BDB5F353A0}.Debug|Any CPU.ActiveCfg = Debug|Any CPU
		{7889B33B-5B20-42E0-8477-26BDB5F353A0}.Debug|Any CPU.Build.0 = Debug|Any CPU
		{7889B33B-5B20-42E0-8477-26BDB5F353A0}.Debug|x64.ActiveCfg = Debug|x64
		{7889B33B-5B20-42E0-8477-26BDB5F353A0}.Debug|x64.Build.0 = Debug|x64
		{7889B33B-5B20-42E0-8477-26BDB5F353A0}.Debug|x86.ActiveCfg = Debug|x86
		{7889B33B-5B20-42E0-8477-26BDB5F353A0}.Debug|x86.Build.0 = Debug|x86
		{7889B33B-5B20-42E0-8477-26BDB5F353A0}.Release|Any CPU.ActiveCfg = Release|Any CPU
		{7889B33B-5B20-42E0-8477-26BDB5F353A0}.Release|Any CPU.Build.0 = Release|Any CPU
		{7889B33B-5B20-42E0-8477-26BDB5F353A0}.Release|x64.ActiveCfg = Release|x64
		{7889B33B-5B20-42E0-8477-26BDB5F353A0}.Release|x64.Build.0 = Release|x64
		{7889B33B-5B20-42E0-8477-26BDB5F353A0}.Release|x86.ActiveCfg = Release|x86
		{7889B33B-5B20-42E0-8477-26BDB5F353A0}.Release|x86.Build.0 = Release|x86
		{354DDE76-9FAF-4CF1-B2B0-1F63AACD6588}.Debug|Any CPU.ActiveCfg = Debug|Any CPU
		{354DDE76-9FAF-4CF1-B2B0-1F63AACD6588}.Debug|Any CPU.Build.0 = Debug|Any CPU
		{354DDE76-9FAF-4CF1-B2B0-1F63AACD6588}.Debug|x64.ActiveCfg = Debug|x64
		{354DDE76-9FAF-4CF1-B2B0-1F63AACD6588}.Debug|x64.Build.0 = Debug|x64
		{354DDE76-9FAF-4CF1-B2B0-1F63AACD6588}.Debug|x86.ActiveCfg = Debug|x86
		{354DDE76-9FAF-4CF1-B2B0-1F63AACD6588}.Debug|x86.Build.0 = Debug|x86
		{354DDE76-9FAF-4CF1-B2B0-1F63AACD6588}.Release|Any CPU.ActiveCfg = Release|Any CPU
		{354DDE76-9FAF-4CF1-B2B0-1F63AACD6588}.Release|Any CPU.Build.0 = Release|Any CPU
		{354DDE76-9FAF-4CF1-B2B0-1F63AACD6588}.Release|x64.ActiveCfg = Release|x64
		{354DDE76-9FAF-4CF1-B2B0-1F63AACD6588}.Release|x64.Build.0 = Release|x64
		{354DDE76-9FAF-4CF1-B2B0-1F63AACD6588}.Release|x86.ActiveCfg = Release|x86
		{354DDE76-9FAF-4CF1-B2B0-1F63AACD6588}.Release|x86.Build.0 = Release|x86
		{500A8552-E70D-4902-8456-FC500F79014D}.Debug|Any CPU.ActiveCfg = Debug|Any CPU
		{500A8552-E70D-4902-8456-FC500F79014D}.Debug|Any CPU.Build.0 = Debug|Any CPU
		{500A8552-E70D-4902-8456-FC500F79014D}.Debug|x64.ActiveCfg = Debug|x64
		{500A8552-E70D-4902-8456-FC500F79014D}.Debug|x64.Build.0 = Debug|x64
		{500A8552-E70D-4902-8456-FC500F79014D}.Debug|x86.ActiveCfg = Debug|x86
		{500A8552-E70D-4902-8456-FC500F79014D}.Debug|x86.Build.0 = Debug|x86
		{500A8552-E70D-4902-8456-FC500F79014D}.Release|Any CPU.ActiveCfg = Release|Any CPU
		{500A8552-E70D-4902-8456-FC500F79014D}.Release|Any CPU.Build.0 = Release|Any CPU
		{500A8552-E70D-4902-8456-FC500F79014D}.Release|x64.ActiveCfg = Release|x64
		{500A8552-E70D-4902-8456-FC500F79014D}.Release|x64.Build.0 = Release|x64
		{500A8552-E70D-4902-8456-FC500F79014D}.Release|x86.ActiveCfg = Release|x86
		{500A8552-E70D-4902-8456-FC500F79014D}.Release|x86.Build.0 = Release|x86
		{6BBFD56C-D331-413B-BCA0-9E6AFEC7A0F4}.Debug|Any CPU.ActiveCfg = Debug|Any CPU
		{6BBFD56C-D331-413B-BCA0-9E6AFEC7A0F4}.Debug|Any CPU.Build.0 = Debug|Any CPU
		{6BBFD56C-D331-413B-BCA0-9E6AFEC7A0F4}.Debug|x64.ActiveCfg = Debug|x64
		{6BBFD56C-D331-413B-BCA0-9E6AFEC7A0F4}.Debug|x64.Build.0 = Debug|x64
		{6BBFD56C-D331-413B-BCA0-9E6AFEC7A0F4}.Debug|x86.ActiveCfg = Debug|x86
		{6BBFD56C-D331-413B-BCA0-9E6AFEC7A0F4}.Debug|x86.Build.0 = Debug|x86
		{6BBFD56C-D331-413B-BCA0-9E6AFEC7A0F4}.Release|Any CPU.ActiveCfg = Release|Any CPU
		{6BBFD56C-D331-413B-BCA0-9E6AFEC7A0F4}.Release|Any CPU.Build.0 = Release|Any CPU
		{6BBFD56C-D331-413B-BCA0-9E6AFEC7A0F4}.Release|x64.ActiveCfg = Release|x64
		{6BBFD56C-D331-413B-BCA0-9E6AFEC7A0F4}.Release|x64.Build.0 = Release|x64
		{6BBFD56C-D331-413B-BCA0-9E6AFEC7A0F4}.Release|x86.ActiveCfg = Release|x86
		{6BBFD56C-D331-413B-BCA0-9E6AFEC7A0F4}.Release|x86.Build.0 = Release|x86
		{1127041E-D579-4443-83C2-55CBF00471EA}.Debug|Any CPU.ActiveCfg = Debug|Any CPU
		{1127041E-D579-4443-83C2-55CBF00471EA}.Debug|Any CPU.Build.0 = Debug|Any CPU
		{1127041E-D579-4443-83C2-55CBF00471EA}.Debug|x64.ActiveCfg = Debug|x64
		{1127041E-D579-4443-83C2-55CBF00471EA}.Debug|x64.Build.0 = Debug|x64
		{1127041E-D579-4443-83C2-55CBF00471EA}.Debug|x86.ActiveCfg = Debug|x86
		{1127041E-D579-4443-83C2-55CBF00471EA}.Debug|x86.Build.0 = Debug|x86
		{1127041E-D579-4443-83C2-55CBF00471EA}.Release|Any CPU.ActiveCfg = Release|Any CPU
		{1127041E-D579-4443-83C2-55CBF00471EA}.Release|Any CPU.Build.0 = Release|Any CPU
		{1127041E-D579-4443-83C2-55CBF00471EA}.Release|x64.ActiveCfg = Release|x64
		{1127041E-D579-4443-83C2-55CBF00471EA}.Release|x64.Build.0 = Release|x64
		{1127041E-D579-4443-83C2-55CBF00471EA}.Release|x86.ActiveCfg = Release|x86
		{1127041E-D579-4443-83C2-55CBF00471EA}.Release|x86.Build.0 = Release|x86
		{3DEB397B-81E3-4684-B852-785133CF3749}.Debug|Any CPU.ActiveCfg = Debug|Any CPU
		{3DEB397B-81E3-4684-B852-785133CF3749}.Debug|Any CPU.Build.0 = Debug|Any CPU
		{3DEB397B-81E3-4684-B852-785133CF3749}.Debug|x64.ActiveCfg = Debug|x64
		{3DEB397B-81E3-4684-B852-785133CF3749}.Debug|x64.Build.0 = Debug|x64
		{3DEB397B-81E3-4684-B852-785133CF3749}.Debug|x86.ActiveCfg = Debug|x86
		{3DEB397B-81E3-4684-B852-785133CF3749}.Debug|x86.Build.0 = Debug|x86
		{3DEB397B-81E3-4684-B852-785133CF3749}.Release|Any CPU.ActiveCfg = Release|Any CPU
		{3DEB397B-81E3-4684-B852-785133CF3749}.Release|Any CPU.Build.0 = Release|Any CPU
		{3DEB397B-81E3-4684-B852-785133CF3749}.Release|x64.ActiveCfg = Release|x64
		{3DEB397B-81E3-4684-B852-785133CF3749}.Release|x64.Build.0 = Release|x64
		{3DEB397B-81E3-4684-B852-785133CF3749}.Release|x86.ActiveCfg = Release|x86
		{3DEB397B-81E3-4684-B852-785133CF3749}.Release|x86.Build.0 = Release|x86
		{F2B4D913-ECDC-4FCC-9877-E8A7DB38B2F6}.Debug|Any CPU.ActiveCfg = Debug|Any CPU
		{F2B4D913-ECDC-4FCC-9877-E8A7DB38B2F6}.Debug|Any CPU.Build.0 = Debug|Any CPU
		{F2B4D913-ECDC-4FCC-9877-E8A7DB38B2F6}.Debug|x64.ActiveCfg = Debug|x64
		{F2B4D913-ECDC-4FCC-9877-E8A7DB38B2F6}.Debug|x64.Build.0 = Debug|x64
		{F2B4D913-ECDC-4FCC-9877-E8A7DB38B2F6}.Debug|x86.ActiveCfg = Debug|x86
		{F2B4D913-ECDC-4FCC-9877-E8A7DB38B2F6}.Debug|x86.Build.0 = Debug|x86
		{F2B4D913-ECDC-4FCC-9877-E8A7DB38B2F6}.Release|Any CPU.ActiveCfg = Release|Any CPU
		{F2B4D913-ECDC-4FCC-9877-E8A7DB38B2F6}.Release|Any CPU.Build.0 = Release|Any CPU
		{F2B4D913-ECDC-4FCC-9877-E8A7DB38B2F6}.Release|x64.ActiveCfg = Release|x64
		{F2B4D913-ECDC-4FCC-9877-E8A7DB38B2F6}.Release|x64.Build.0 = Release|x64
		{F2B4D913-ECDC-4FCC-9877-E8A7DB38B2F6}.Release|x86.ActiveCfg = Release|x86
		{F2B4D913-ECDC-4FCC-9877-E8A7DB38B2F6}.Release|x86.Build.0 = Release|x86
		{50F5943C-981B-4E61-A586-313841B724CE}.Debug|Any CPU.ActiveCfg = Debug|Any CPU
		{50F5943C-981B-4E61-A586-313841B724CE}.Debug|Any CPU.Build.0 = Debug|Any CPU
		{50F5943C-981B-4E61-A586-313841B724CE}.Debug|x64.ActiveCfg = Debug|x64
		{50F5943C-981B-4E61-A586-313841B724CE}.Debug|x64.Build.0 = Debug|x64
		{50F5943C-981B-4E61-A586-313841B724CE}.Debug|x86.ActiveCfg = Debug|Any CPU
		{50F5943C-981B-4E61-A586-313841B724CE}.Debug|x86.Build.0 = Debug|Any CPU
		{50F5943C-981B-4E61-A586-313841B724CE}.Release|Any CPU.ActiveCfg = Release|Any CPU
		{50F5943C-981B-4E61-A586-313841B724CE}.Release|Any CPU.Build.0 = Release|Any CPU
		{50F5943C-981B-4E61-A586-313841B724CE}.Release|x64.ActiveCfg = Release|Any CPU
		{50F5943C-981B-4E61-A586-313841B724CE}.Release|x64.Build.0 = Release|Any CPU
		{50F5943C-981B-4E61-A586-313841B724CE}.Release|x86.ActiveCfg = Release|Any CPU
		{50F5943C-981B-4E61-A586-313841B724CE}.Release|x86.Build.0 = Release|Any CPU
		{25BB4A26-541A-4C7C-BFD0-93F6C9F47DE7}.Debug|Any CPU.ActiveCfg = Debug|Any CPU
		{25BB4A26-541A-4C7C-BFD0-93F6C9F47DE7}.Debug|Any CPU.Build.0 = Debug|Any CPU
		{25BB4A26-541A-4C7C-BFD0-93F6C9F47DE7}.Debug|x64.ActiveCfg = Debug|x64
		{25BB4A26-541A-4C7C-BFD0-93F6C9F47DE7}.Debug|x64.Build.0 = Debug|x64
		{25BB4A26-541A-4C7C-BFD0-93F6C9F47DE7}.Debug|x86.ActiveCfg = Debug|Any CPU
		{25BB4A26-541A-4C7C-BFD0-93F6C9F47DE7}.Debug|x86.Build.0 = Debug|Any CPU
		{25BB4A26-541A-4C7C-BFD0-93F6C9F47DE7}.Release|Any CPU.ActiveCfg = Release|Any CPU
		{25BB4A26-541A-4C7C-BFD0-93F6C9F47DE7}.Release|Any CPU.Build.0 = Release|Any CPU
		{25BB4A26-541A-4C7C-BFD0-93F6C9F47DE7}.Release|x64.ActiveCfg = Release|Any CPU
		{25BB4A26-541A-4C7C-BFD0-93F6C9F47DE7}.Release|x64.Build.0 = Release|Any CPU
		{25BB4A26-541A-4C7C-BFD0-93F6C9F47DE7}.Release|x86.ActiveCfg = Release|Any CPU
		{25BB4A26-541A-4C7C-BFD0-93F6C9F47DE7}.Release|x86.Build.0 = Release|Any CPU
		{2F549E1F-FC06-4B8B-9A5D-B8B89652FF13}.Debug|Any CPU.ActiveCfg = Debug|Any CPU
		{2F549E1F-FC06-4B8B-9A5D-B8B89652FF13}.Debug|Any CPU.Build.0 = Debug|Any CPU
		{2F549E1F-FC06-4B8B-9A5D-B8B89652FF13}.Debug|x64.ActiveCfg = Debug|x64
		{2F549E1F-FC06-4B8B-9A5D-B8B89652FF13}.Debug|x64.Build.0 = Debug|x64
		{2F549E1F-FC06-4B8B-9A5D-B8B89652FF13}.Debug|x86.ActiveCfg = Debug|Any CPU
		{2F549E1F-FC06-4B8B-9A5D-B8B89652FF13}.Debug|x86.Build.0 = Debug|Any CPU
		{2F549E1F-FC06-4B8B-9A5D-B8B89652FF13}.Release|Any CPU.ActiveCfg = Release|Any CPU
		{2F549E1F-FC06-4B8B-9A5D-B8B89652FF13}.Release|Any CPU.Build.0 = Release|Any CPU
		{2F549E1F-FC06-4B8B-9A5D-B8B89652FF13}.Release|x64.ActiveCfg = Release|Any CPU
		{2F549E1F-FC06-4B8B-9A5D-B8B89652FF13}.Release|x64.Build.0 = Release|Any CPU
		{2F549E1F-FC06-4B8B-9A5D-B8B89652FF13}.Release|x86.ActiveCfg = Release|Any CPU
		{2F549E1F-FC06-4B8B-9A5D-B8B89652FF13}.Release|x86.Build.0 = Release|Any CPU
		{6131FE6D-94F9-4B9A-8645-81CCB29D0B95}.Debug|Any CPU.ActiveCfg = Debug|Win32
		{6131FE6D-94F9-4B9A-8645-81CCB29D0B95}.Debug|x64.ActiveCfg = Debug|x64
		{6131FE6D-94F9-4B9A-8645-81CCB29D0B95}.Debug|x64.Build.0 = Debug|x64
		{6131FE6D-94F9-4B9A-8645-81CCB29D0B95}.Debug|x86.ActiveCfg = Debug|Win32
		{6131FE6D-94F9-4B9A-8645-81CCB29D0B95}.Debug|x86.Build.0 = Debug|Win32
		{6131FE6D-94F9-4B9A-8645-81CCB29D0B95}.Release|Any CPU.ActiveCfg = Release|Win32
		{6131FE6D-94F9-4B9A-8645-81CCB29D0B95}.Release|x64.ActiveCfg = Release|x64
		{6131FE6D-94F9-4B9A-8645-81CCB29D0B95}.Release|x64.Build.0 = Release|x64
		{6131FE6D-94F9-4B9A-8645-81CCB29D0B95}.Release|x86.ActiveCfg = Release|Win32
		{6131FE6D-94F9-4B9A-8645-81CCB29D0B95}.Release|x86.Build.0 = Release|Win32
		{6849E9E8-172D-4C75-82E8-CB768C2898EE}.Debug|Any CPU.ActiveCfg = Debug|Any CPU
		{6849E9E8-172D-4C75-82E8-CB768C2898EE}.Debug|Any CPU.Build.0 = Debug|Any CPU
		{6849E9E8-172D-4C75-82E8-CB768C2898EE}.Debug|x64.ActiveCfg = Debug|x64
		{6849E9E8-172D-4C75-82E8-CB768C2898EE}.Debug|x64.Build.0 = Debug|x64
		{6849E9E8-172D-4C75-82E8-CB768C2898EE}.Debug|x86.ActiveCfg = Debug|Any CPU
		{6849E9E8-172D-4C75-82E8-CB768C2898EE}.Debug|x86.Build.0 = Debug|Any CPU
		{6849E9E8-172D-4C75-82E8-CB768C2898EE}.Release|Any CPU.ActiveCfg = Release|Any CPU
		{6849E9E8-172D-4C75-82E8-CB768C2898EE}.Release|Any CPU.Build.0 = Release|Any CPU
		{6849E9E8-172D-4C75-82E8-CB768C2898EE}.Release|x64.ActiveCfg = Release|Any CPU
		{6849E9E8-172D-4C75-82E8-CB768C2898EE}.Release|x64.Build.0 = Release|Any CPU
		{6849E9E8-172D-4C75-82E8-CB768C2898EE}.Release|x86.ActiveCfg = Release|Any CPU
		{6849E9E8-172D-4C75-82E8-CB768C2898EE}.Release|x86.Build.0 = Release|Any CPU
		{7E03C8BF-153D-4C16-A8C6-BFBC9A66E978}.Debug|Any CPU.ActiveCfg = Debug|x64
		{7E03C8BF-153D-4C16-A8C6-BFBC9A66E978}.Debug|Any CPU.Build.0 = Debug|x64
		{7E03C8BF-153D-4C16-A8C6-BFBC9A66E978}.Debug|x64.ActiveCfg = Debug|x64
		{7E03C8BF-153D-4C16-A8C6-BFBC9A66E978}.Debug|x64.Build.0 = Debug|x64
		{7E03C8BF-153D-4C16-A8C6-BFBC9A66E978}.Debug|x86.ActiveCfg = Debug|Win32
		{7E03C8BF-153D-4C16-A8C6-BFBC9A66E978}.Debug|x86.Build.0 = Debug|Win32
		{7E03C8BF-153D-4C16-A8C6-BFBC9A66E978}.Release|Any CPU.ActiveCfg = Release|x64
		{7E03C8BF-153D-4C16-A8C6-BFBC9A66E978}.Release|Any CPU.Build.0 = Release|x64
		{7E03C8BF-153D-4C16-A8C6-BFBC9A66E978}.Release|x64.ActiveCfg = Release|x64
		{7E03C8BF-153D-4C16-A8C6-BFBC9A66E978}.Release|x64.Build.0 = Release|x64
		{7E03C8BF-153D-4C16-A8C6-BFBC9A66E978}.Release|x86.ActiveCfg = Release|Win32
		{7E03C8BF-153D-4C16-A8C6-BFBC9A66E978}.Release|x86.Build.0 = Release|Win32
		{0E7521AD-51D6-4D2B-AEDB-715680AD6E1F}.Debug|Any CPU.ActiveCfg = Debug|Any CPU
		{0E7521AD-51D6-4D2B-AEDB-715680AD6E1F}.Debug|Any CPU.Build.0 = Debug|Any CPU
		{0E7521AD-51D6-4D2B-AEDB-715680AD6E1F}.Debug|x64.ActiveCfg = Debug|x64
		{0E7521AD-51D6-4D2B-AEDB-715680AD6E1F}.Debug|x64.Build.0 = Debug|x64
		{0E7521AD-51D6-4D2B-AEDB-715680AD6E1F}.Debug|x86.ActiveCfg = Debug|Any CPU
		{0E7521AD-51D6-4D2B-AEDB-715680AD6E1F}.Debug|x86.Build.0 = Debug|Any CPU
		{0E7521AD-51D6-4D2B-AEDB-715680AD6E1F}.Release|Any CPU.ActiveCfg = Release|Any CPU
		{0E7521AD-51D6-4D2B-AEDB-715680AD6E1F}.Release|Any CPU.Build.0 = Release|Any CPU
		{0E7521AD-51D6-4D2B-AEDB-715680AD6E1F}.Release|x64.ActiveCfg = Release|x64
		{0E7521AD-51D6-4D2B-AEDB-715680AD6E1F}.Release|x64.Build.0 = Release|x64
		{0E7521AD-51D6-4D2B-AEDB-715680AD6E1F}.Release|x86.ActiveCfg = Release|Any CPU
		{0E7521AD-51D6-4D2B-AEDB-715680AD6E1F}.Release|x86.Build.0 = Release|Any CPU
		{B1AB1388-9B4E-449F-BA8B-7E08932F6CAE}.Debug|Any CPU.ActiveCfg = Debug|Any CPU
		{B1AB1388-9B4E-449F-BA8B-7E08932F6CAE}.Debug|Any CPU.Build.0 = Debug|Any CPU
		{B1AB1388-9B4E-449F-BA8B-7E08932F6CAE}.Debug|x64.ActiveCfg = Debug|x64
		{B1AB1388-9B4E-449F-BA8B-7E08932F6CAE}.Debug|x64.Build.0 = Debug|x64
		{B1AB1388-9B4E-449F-BA8B-7E08932F6CAE}.Debug|x86.ActiveCfg = Debug|Any CPU
		{B1AB1388-9B4E-449F-BA8B-7E08932F6CAE}.Debug|x86.Build.0 = Debug|Any CPU
		{B1AB1388-9B4E-449F-BA8B-7E08932F6CAE}.Release|Any CPU.ActiveCfg = Release|Any CPU
		{B1AB1388-9B4E-449F-BA8B-7E08932F6CAE}.Release|Any CPU.Build.0 = Release|Any CPU
		{B1AB1388-9B4E-449F-BA8B-7E08932F6CAE}.Release|x64.ActiveCfg = Release|Any CPU
		{B1AB1388-9B4E-449F-BA8B-7E08932F6CAE}.Release|x64.Build.0 = Release|Any CPU
		{B1AB1388-9B4E-449F-BA8B-7E08932F6CAE}.Release|x86.ActiveCfg = Release|Any CPU
		{B1AB1388-9B4E-449F-BA8B-7E08932F6CAE}.Release|x86.Build.0 = Release|Any CPU
		{629CED18-51D8-41DA-A170-4E85CDB46D7C}.Debug|Any CPU.ActiveCfg = Debug|Any CPU
		{629CED18-51D8-41DA-A170-4E85CDB46D7C}.Debug|Any CPU.Build.0 = Debug|Any CPU
		{629CED18-51D8-41DA-A170-4E85CDB46D7C}.Debug|x64.ActiveCfg = Debug|x64
		{629CED18-51D8-41DA-A170-4E85CDB46D7C}.Debug|x64.Build.0 = Debug|x64
		{629CED18-51D8-41DA-A170-4E85CDB46D7C}.Debug|x86.ActiveCfg = Debug|Any CPU
		{629CED18-51D8-41DA-A170-4E85CDB46D7C}.Debug|x86.Build.0 = Debug|Any CPU
		{629CED18-51D8-41DA-A170-4E85CDB46D7C}.Release|Any CPU.ActiveCfg = Release|Any CPU
		{629CED18-51D8-41DA-A170-4E85CDB46D7C}.Release|Any CPU.Build.0 = Release|Any CPU
		{629CED18-51D8-41DA-A170-4E85CDB46D7C}.Release|x64.ActiveCfg = Release|Any CPU
		{629CED18-51D8-41DA-A170-4E85CDB46D7C}.Release|x64.Build.0 = Release|Any CPU
		{629CED18-51D8-41DA-A170-4E85CDB46D7C}.Release|x86.ActiveCfg = Release|Any CPU
		{629CED18-51D8-41DA-A170-4E85CDB46D7C}.Release|x86.Build.0 = Release|Any CPU
		{D54BB8D7-A83F-465D-BBD1-526FC0E755E4}.Debug|Any CPU.ActiveCfg = Debug|Any CPU
		{D54BB8D7-A83F-465D-BBD1-526FC0E755E4}.Debug|Any CPU.Build.0 = Debug|Any CPU
		{D54BB8D7-A83F-465D-BBD1-526FC0E755E4}.Debug|x64.ActiveCfg = Debug|x64
		{D54BB8D7-A83F-465D-BBD1-526FC0E755E4}.Debug|x64.Build.0 = Debug|x64
		{D54BB8D7-A83F-465D-BBD1-526FC0E755E4}.Debug|x86.ActiveCfg = Debug|Any CPU
		{D54BB8D7-A83F-465D-BBD1-526FC0E755E4}.Debug|x86.Build.0 = Debug|Any CPU
		{D54BB8D7-A83F-465D-BBD1-526FC0E755E4}.Release|Any CPU.ActiveCfg = Release|Any CPU
		{D54BB8D7-A83F-465D-BBD1-526FC0E755E4}.Release|Any CPU.Build.0 = Release|Any CPU
		{D54BB8D7-A83F-465D-BBD1-526FC0E755E4}.Release|x64.ActiveCfg = Release|Any CPU
		{D54BB8D7-A83F-465D-BBD1-526FC0E755E4}.Release|x64.Build.0 = Release|Any CPU
		{D54BB8D7-A83F-465D-BBD1-526FC0E755E4}.Release|x86.ActiveCfg = Release|Any CPU
		{D54BB8D7-A83F-465D-BBD1-526FC0E755E4}.Release|x86.Build.0 = Release|Any CPU
		{6D8A1530-1D26-4300-A9B9-43D503DFF4FC}.Debug|Any CPU.ActiveCfg = Debug|Any CPU
		{6D8A1530-1D26-4300-A9B9-43D503DFF4FC}.Debug|Any CPU.Build.0 = Debug|Any CPU
		{6D8A1530-1D26-4300-A9B9-43D503DFF4FC}.Debug|x64.ActiveCfg = Debug|x64
		{6D8A1530-1D26-4300-A9B9-43D503DFF4FC}.Debug|x64.Build.0 = Debug|x64
		{6D8A1530-1D26-4300-A9B9-43D503DFF4FC}.Debug|x86.ActiveCfg = Debug|Any CPU
		{6D8A1530-1D26-4300-A9B9-43D503DFF4FC}.Debug|x86.Build.0 = Debug|Any CPU
		{6D8A1530-1D26-4300-A9B9-43D503DFF4FC}.Release|Any CPU.ActiveCfg = Release|Any CPU
		{6D8A1530-1D26-4300-A9B9-43D503DFF4FC}.Release|Any CPU.Build.0 = Release|Any CPU
		{6D8A1530-1D26-4300-A9B9-43D503DFF4FC}.Release|x64.ActiveCfg = Release|Any CPU
		{6D8A1530-1D26-4300-A9B9-43D503DFF4FC}.Release|x64.Build.0 = Release|Any CPU
		{6D8A1530-1D26-4300-A9B9-43D503DFF4FC}.Release|x86.ActiveCfg = Release|Any CPU
		{6D8A1530-1D26-4300-A9B9-43D503DFF4FC}.Release|x86.Build.0 = Release|Any CPU
	EndGlobalSection
	GlobalSection(SolutionProperties) = preSolution
		HideSolutionNode = FALSE
	EndGlobalSection
	GlobalSection(ExtensibilityGlobals) = postSolution
		VisualSVNWorkingCopyRoot = .
		SolutionGuid = {413FA415-DD25-4ED4-A4CB-334D4B6EDA9A}
	EndGlobalSection
EndGlobal
